# This file is automatically @generated by Cargo.
# It is not intended for manual editing.
version = 4

[[package]]
name = "utest-application"
version = "0.1.0"

[[package]]
name = "utest-cli"
version = "0.1.0"

[[package]]
name = "utest-domain"
version = "0.1.0"

[[package]]
name = "utest-http"
version = "0.1.0"

[[package]]
name = "utest-parser"
version = "0.1.0"

[[package]]
name = "utest-reporter"
version = "0.1.0"

[[package]]
name = "utest-runtime"
version = "0.1.0"
